// !$*UTF8*$!
{
	archiveVersion = 1;
	classes = {
	};
	objectVersion = 50;
	objects = {

/* Begin PBXBuildFile section */
		68855D082598E9DA004B295A /* 3.png in Resources */ = {isa = PBXBuildFile; fileRef = 68855D072598E9DA004B295A /* 3.png */; };
		68BB3A1F259241370017D37F /* AppDelegate.swift in Sources */ = {isa = PBXBuildFile; fileRef = 68BB3A1E259241370017D37F /* AppDelegate.swift */; };
		68BB3A21259241370017D37F /* SceneDelegate.swift in Sources */ = {isa = PBXBuildFile; fileRef = 68BB3A20259241370017D37F /* SceneDelegate.swift */; };
		68BB3A23259241370017D37F /* ViewController.swift in Sources */ = {isa = PBXBuildFile; fileRef = 68BB3A22259241370017D37F /* ViewController.swift */; };
		68BB3A26259241370017D37F /* Main.storyboard in Resources */ = {isa = PBXBuildFile; fileRef = 68BB3A24259241370017D37F /* Main.storyboard */; };
		68BB3A28259241390017D37F /* Assets.xcassets in Resources */ = {isa = PBXBuildFile; fileRef = 68BB3A27259241390017D37F /* Assets.xcassets */; };
		68BB3A2B259241390017D37F /* LaunchScreen.storyboard in Resources */ = {isa = PBXBuildFile; fileRef = 68BB3A29259241390017D37F /* LaunchScreen.storyboard */; };
		68BB3A34259241610017D37F /* 1.jpeg in Resources */ = {isa = PBXBuildFile; fileRef = 68BB3A33259241610017D37F /* 1.jpeg */; };
		68BB3A3A2592641F0017D37F /* PushedViewController.swift in Sources */ = {isa = PBXBuildFile; fileRef = 68BB3A382592641F0017D37F /* PushedViewController.swift */; };
		68BB3A3B2592641F0017D37F /* PushedViewController.xib in Resources */ = {isa = PBXBuildFile; fileRef = 68BB3A392592641F0017D37F /* PushedViewController.xib */; };
		68BB3A3F2592645D0017D37F /* CellCollectionViewCell.swift in Sources */ = {isa = PBXBuildFile; fileRef = 68BB3A3D2592645D0017D37F /* CellCollectionViewCell.swift */; };
		68BB3A402592645D0017D37F /* CellCollectionViewCell.xib in Resources */ = {isa = PBXBuildFile; fileRef = 68BB3A3E2592645D0017D37F /* CellCollectionViewCell.xib */; };
		68BB3A4425926C9C0017D37F /* 2.jpeg in Resources */ = {isa = PBXBuildFile; fileRef = 68BB3A4325926C9C0017D37F /* 2.jpeg */; };
		68E418EE2597A8990049E2CF /* FMVTransitionAnimation.swift in Sources */ = {isa = PBXBuildFile; fileRef = 68E418ED2597A8990049E2CF /* FMVTransitionAnimation.swift */; };
/* End PBXBuildFile section */

/* Begin PBXFileReference section */
		68855D072598E9DA004B295A /* 3.png */ = {isa = PBXFileReference; lastKnownFileType = image.png; name = 3.png; path = ../../3.png; sourceTree = "<group>"; };
		68BB3A1B259241370017D37F /* Drag down to dismiss.app */ = {isa = PBXFileReference; explicitFileType = wrapper.application; includeInIndex = 0; path = "Drag down to dismiss.app"; sourceTree = BUILT_PRODUCTS_DIR; };
		68BB3A1E259241370017D37F /* AppDelegate.swift */ = {isa = PBXFileReference; lastKnownFileType = sourcecode.swift; path = AppDelegate.swift; sourceTree = "<group>"; };
		68BB3A20259241370017D37F /* SceneDelegate.swift */ = {isa = PBXFileReference; lastKnownFileType = sourcecode.swift; path = SceneDelegate.swift; sourceTree = "<group>"; };
		68BB3A22259241370017D37F /* ViewController.swift */ = {isa = PBXFileReference; lastKnownFileType = sourcecode.swift; path = ViewController.swift; sourceTree = "<group>"; };
		68BB3A25259241370017D37F /* Base */ = {isa = PBXFileReference; lastKnownFileType = file.storyboard; name = Base; path = Base.lproj/Main.storyboard; sourceTree = "<group>"; };
		68BB3A27259241390017D37F /* Assets.xcassets */ = {isa = PBXFileReference; lastKnownFileType = folder.assetcatalog; path = Assets.xcassets; sourceTree = "<group>"; };
		68BB3A2A259241390017D37F /* Base */ = {isa = PBXFileReference; lastKnownFileType = file.storyboard; name = Base; path = Base.lproj/LaunchScreen.storyboard; sourceTree = "<group>"; };
		68BB3A2C259241390017D37F /* Info.plist */ = {isa = PBXFileReference; lastKnownFileType = text.plist.xml; path = Info.plist; sourceTree = "<group>"; };
		68BB3A33259241610017D37F /* 1.jpeg */ = {isa = PBXFileReference; lastKnownFileType = image.jpeg; path = 1.jpeg; sourceTree = "<group>"; };
		68BB3A382592641F0017D37F /* PushedViewController.swift */ = {isa = PBXFileReference; lastKnownFileType = sourcecode.swift; path = PushedViewController.swift; sourceTree = "<group>"; };
		68BB3A392592641F0017D37F /* PushedViewController.xib */ = {isa = PBXFileReference; lastKnownFileType = file.xib; path = PushedViewController.xib; sourceTree = "<group>"; };
		68BB3A3D2592645D0017D37F /* CellCollectionViewCell.swift */ = {isa = PBXFileReference; lastKnownFileType = sourcecode.swift; path = CellCollectionViewCell.swift; sourceTree = "<group>"; };
		68BB3A3E2592645D0017D37F /* CellCollectionViewCell.xib */ = {isa = PBXFileReference; lastKnownFileType = file.xib; path = CellCollectionViewCell.xib; sourceTree = "<group>"; };
		68BB3A4325926C9C0017D37F /* 2.jpeg */ = {isa = PBXFileReference; lastKnownFileType = image.jpeg; path = 2.jpeg; sourceTree = "<group>"; };
		68E418ED2597A8990049E2CF /* FMVTransitionAnimation.swift */ = {isa = PBXFileReference; lastKnownFileType = sourcecode.swift; path = FMVTransitionAnimation.swift; sourceTree = "<group>"; };
/* End PBXFileReference section */

/* Begin PBXFrameworksBuildPhase section */
		68BB3A18259241370017D37F /* Frameworks */ = {
			isa = PBXFrameworksBuildPhase;
			buildActionMask = 2147483647;
			files = (
			);
			runOnlyForDeploymentPostprocessing = 0;
		};
/* End PBXFrameworksBuildPhase section */

/* Begin PBXGroup section */
		68BB3A12259241370017D37F = {
			isa = PBXGroup;
			children = (
				68BB3A1D259241370017D37F /* Drag down to dismiss */,
				68BB3A1C259241370017D37F /* Products */,
			);
			sourceTree = "<group>";
		};
		68BB3A1C259241370017D37F /* Products */ = {
			isa = PBXGroup;
			children = (
				68BB3A1B259241370017D37F /* Drag down to dismiss.app */,
			);
			name = Products;
			sourceTree = "<group>";
		};
		68BB3A1D259241370017D37F /* Drag down to dismiss */ = {
			isa = PBXGroup;
			children = (
				68BB3A1E259241370017D37F /* AppDelegate.swift */,
				68BB3A20259241370017D37F /* SceneDelegate.swift */,
				68BB3A22259241370017D37F /* ViewController.swift */,
				68E418ED2597A8990049E2CF /* FMVTransitionAnimation.swift */,
				68BB3A24259241370017D37F /* Main.storyboard */,
				68BB3A3D2592645D0017D37F /* CellCollectionViewCell.swift */,
				68BB3A3E2592645D0017D37F /* CellCollectionViewCell.xib */,
				68BB3A382592641F0017D37F /* PushedViewController.swift */,
				68BB3A392592641F0017D37F /* PushedViewController.xib */,
				68BB3A33259241610017D37F /* 1.jpeg */,
				68BB3A4325926C9C0017D37F /* 2.jpeg */,
				68855D072598E9DA004B295A /* 3.png */,
				68BB3A27259241390017D37F /* Assets.xcassets */,
				68BB3A29259241390017D37F /* LaunchScreen.storyboard */,
				68BB3A2C259241390017D37F /* Info.plist */,
			);
			path = "Drag down to dismiss";
			sourceTree = "<group>";
		};
/* End PBXGroup section */

/* Begin PBXNativeTarget section */
		68BB3A1A259241370017D37F /* Drag down to dismiss */ = {
			isa = PBXNativeTarget;
			buildConfigurationList = 68BB3A2F259241390017D37F /* Build configuration list for PBXNativeTarget "Drag down to dismiss" */;
			buildPhases = (
				68BB3A17259241370017D37F /* Sources */,
				68BB3A18259241370017D37F /* Frameworks */,
				68BB3A19259241370017D37F /* Resources */,
			);
			buildRules = (
			);
			dependencies = (
			);
			name = "Drag down to dismiss";
			productName = "Drag down to dismiss";
			productReference = 68BB3A1B259241370017D37F /* Drag down to dismiss.app */;
			productType = "com.apple.product-type.application";
		};
/* End PBXNativeTarget section */

/* Begin PBXProject section */
		68BB3A13259241370017D37F /* Project object */ = {
			isa = PBXProject;
			attributes = {
				LastSwiftUpdateCheck = 1230;
				LastUpgradeCheck = 1230;
				TargetAttributes = {
					68BB3A1A259241370017D37F = {
						CreatedOnToolsVersion = 12.3;
					};
				};
			};
			buildConfigurationList = 68BB3A16259241370017D37F /* Build configuration list for PBXProject "Drag down to dismiss" */;
			compatibilityVersion = "Xcode 9.3";
			developmentRegion = en;
			hasScannedForEncodings = 0;
			knownRegions = (
				en,
				Base,
			);
			mainGroup = 68BB3A12259241370017D37F;
			productRefGroup = 68BB3A1C259241370017D37F /* Products */;
			projectDirPath = "";
			projectRoot = "";
			targets = (
				68BB3A1A259241370017D37F /* Drag down to dismiss */,
			);
		};
/* End PBXProject section */

/* Begin PBXResourcesBuildPhase section */
		68BB3A19259241370017D37F /* Resources */ = {
			isa = PBXResourcesBuildPhase;
			buildActionMask = 2147483647;
			files = (
				68BB3A2B259241390017D37F /* LaunchScreen.storyboard in Resources */,
				68BB3A34259241610017D37F /* 1.jpeg in Resources */,
				68BB3A28259241390017D37F /* Assets.xcassets in Resources */,
				68855D082598E9DA004B295A /* 3.png in Resources */,
				68BB3A3B2592641F0017D37F /* PushedViewController.xib in Resources */,
				68BB3A402592645D0017D37F /* CellCollectionViewCell.xib in Resources */,
				68BB3A26259241370017D37F /* Main.storyboard in Resources */,
				68BB3A4425926C9C0017D37F /* 2.jpeg in Resources */,
			);
			runOnlyForDeploymentPostprocessing = 0;
		};
/* End PBXResourcesBuildPhase section */

/* Begin PBXSourcesBuildPhase section */
		68BB3A17259241370017D37F /* Sources */ = {
			isa = PBXSourcesBuildPhase;
			buildActionMask = 2147483647;
			files = (
				68BB3A23259241370017D37F /* ViewController.swift in Sources */,
				68BB3A3A2592641F0017D37F /* PushedViewController.swift in Sources */,
				68BB3A1F259241370017D37F /* AppDelegate.swift in Sources */,
				68BB3A21259241370017D37F /* SceneDelegate.swift in Sources */,
				68BB3A3F2592645D0017D37F /* CellCollectionViewCell.swift in Sources */,
				68E418EE2597A8990049E2CF /* FMVTransitionAnimation.swift in Sources */,
			);
			runOnlyForDeploymentPostprocessing = 0;
		};
/* End PBXSourcesBuildPhase section */

/* Begin PBXVariantGroup section */
		68BB3A24259241370017D37F /* Main.storyboard */ = {
			isa = PBXVariantGroup;
			children = (
				68BB3A25259241370017D37F /* Base */,
			);
			name = Main.storyboard;
			sourceTree = "<group>";
		};
		68BB3A29259241390017D37F /* LaunchScreen.storyboard */ = {
			isa = PBXVariantGroup;
			children = (
				68BB3A2A259241390017D37F /* Base */,
			);
			name = LaunchScreen.storyboard;
			sourceTree = "<group>";
		};
/* End PBXVariantGroup section */

/* Begin XCBuildConfiguration section */
		68BB3A2D259241390017D37F /* Debug */ = {
			isa = XCBuildConfiguration;
			buildSettings = {
				ALWAYS_SEARCH_USER_PATHS = NO;
				CLANG_ANALYZER_NONNULL = YES;
				CLANG_ANALYZER_NUMBER_OBJECT_CONVERSION = YES_AGGRESSIVE;
				CLANG_CXX_LANGUAGE_STANDARD = "gnu++14";
				CLANG_CXX_LIBRARY = "libc++";
				CLANG_ENABLE_MODULES = YES;
				CLANG_ENABLE_OBJC_ARC = YES;
				CLANG_ENABLE_OBJC_WEAK = YES;
				CLANG_WARN_BLOCK_CAPTURE_AUTORELEASING = YES;
				CLANG_WARN_BOOL_CONVERSION = YES;
				CLANG_WARN_COMMA = YES;
				CLANG_WARN_CONSTANT_CONVERSION = YES;
				CLANG_WARN_DEPRECATED_OBJC_IMPLEMENTATIONS = YES;
				CLANG_WARN_DIRECT_OBJC_ISA_USAGE = YES_ERROR;
				CLANG_WARN_DOCUMENTATION_COMMENTS = YES;
				CLANG_WARN_EMPTY_BODY = YES;
				CLANG_WARN_ENUM_CONVERSION = YES;
				CLANG_WARN_INFINITE_RECURSION = YES;
				CLANG_WARN_INT_CONVERSION = YES;
				CLANG_WARN_NON_LITERAL_NULL_CONVERSION = YES;
				CLANG_WARN_OBJC_IMPLICIT_RETAIN_SELF = YES;
				CLANG_WARN_OBJC_LITERAL_CONVERSION = YES;
				CLANG_WARN_OBJC_ROOT_CLASS = YES_ERROR;
				CLANG_WARN_QUOTED_INCLUDE_IN_FRAMEWORK_HEADER = YES;
				CLANG_WARN_RANGE_LOOP_ANALYSIS = YES;
				CLANG_WARN_STRICT_PROTOTYPES = YES;
				CLANG_WARN_SUSPICIOUS_MOVE = YES;
				CLANG_WARN_UNGUARDED_AVAILABILITY = YES_AGGRESSIVE;
				CLANG_WARN_UNREACHABLE_CODE = YES;
				CLANG_WARN__DUPLICATE_METHOD_MATCH = YES;
				COPY_PHASE_STRIP = NO;
				DEBUG_INFORMATION_FORMAT = dwarf;
				ENABLE_STRICT_OBJC_MSGSEND = YES;
				ENABLE_TESTABILITY = YES;
				GCC_C_LANGUAGE_STANDARD = gnu11;
				GCC_DYNAMIC_NO_PIC = NO;
				GCC_NO_COMMON_BLOCKS = YES;
				GCC_OPTIMIZATION_LEVEL = 0;
				GCC_PREPROCESSOR_DEFINITIONS = (
					"DEBUG=1",
					"$(inherited)",
				);
				GCC_WARN_64_TO_32_BIT_CONVERSION = YES;
				GCC_WARN_ABOUT_RETURN_TYPE = YES_ERROR;
				GCC_WARN_UNDECLARED_SELECTOR = YES;
				GCC_WARN_UNINITIALIZED_AUTOS = YES_AGGRESSIVE;
				GCC_WARN_UNUSED_FUNCTION = YES;
				GCC_WARN_UNUSED_VARIABLE = YES;
				IPHONEOS_DEPLOYMENT_TARGET = 14.3;
				MTL_ENABLE_DEBUG_INFO = INCLUDE_SOURCE;
				MTL_FAST_MATH = YES;
				ONLY_ACTIVE_ARCH = YES;
				SDKROOT = iphoneos;
				SWIFT_ACTIVE_COMPILATION_CONDITIONS = DEBUG;
				SWIFT_OPTIMIZATION_LEVEL = "-Onone";
			};
			name = Debug;
		};
		68BB3A2E259241390017D37F /* Release */ = {
			isa = XCBuildConfiguration;
			buildSettings = {
				ALWAYS_SEARCH_USER_PATHS = NO;
				CLANG_ANALYZER_NONNULL = YES;
				CLANG_ANALYZER_NUMBER_OBJECT_CONVERSION = YES_AGGRESSIVE;
				CLANG_CXX_LANGUAGE_STANDARD = "gnu++14";
				CLANG_CXX_LIBRARY = "libc++";
				CLANG_ENABLE_MODULES = YES;
				CLANG_ENABLE_OBJC_ARC = YES;
				CLANG_ENABLE_OBJC_WEAK = YES;
				CLANG_WARN_BLOCK_CAPTURE_AUTORELEASING = YES;
				CLANG_WARN_BOOL_CONVERSION = YES;
				CLANG_WARN_COMMA = YES;
				CLANG_WARN_CONSTANT_CONVERSION = YES;
				CLANG_WARN_DEPRECATED_OBJC_IMPLEMENTATIONS = YES;
				CLANG_WARN_DIRECT_OBJC_ISA_USAGE = YES_ERROR;
				CLANG_WARN_DOCUMENTATION_COMMENTS = YES;
				CLANG_WARN_EMPTY_BODY = YES;
				CLANG_WARN_ENUM_CONVERSION = YES;
				CLANG_WARN_INFINITE_RECURSION = YES;
				CLANG_WARN_INT_CONVERSION = YES;
				CLANG_WARN_NON_LITERAL_NULL_CONVERSION = YES;
				CLANG_WARN_OBJC_IMPLICIT_RETAIN_SELF = YES;
				CLANG_WARN_OBJC_LITERAL_CONVERSION = YES;
				CLANG_WARN_OBJC_ROOT_CLASS = YES_ERROR;
				CLANG_WARN_QUOTED_INCLUDE_IN_FRAMEWORK_HEADER = YES;
				CLANG_WARN_RANGE_LOOP_ANALYSIS = YES;
				CLANG_WARN_STRICT_PROTOTYPES = YES;
				CLANG_WARN_SUSPICIOUS_MOVE = YES;
				CLANG_WARN_UNGUARDED_AVAILABILITY = YES_AGGRESSIVE;
				CLANG_WARN_UNREACHABLE_CODE = YES;
				CLANG_WARN__DUPLICATE_METHOD_MATCH = YES;
				COPY_PHASE_STRIP = NO;
				DEBUG_INFORMATION_FORMAT = "dwarf-with-dsym";
				ENABLE_NS_ASSERTIONS = NO;
				ENABLE_STRICT_OBJC_MSGSEND = YES;
				GCC_C_LANGUAGE_STANDARD = gnu11;
				GCC_NO_COMMON_BLOCKS = YES;
				GCC_WARN_64_TO_32_BIT_CONVERSION = YES;
				GCC_WARN_ABOUT_RETURN_TYPE = YES_ERROR;
				GCC_WARN_UNDECLARED_SELECTOR = YES;
				GCC_WARN_UNINITIALIZED_AUTOS = YES_AGGRESSIVE;
				GCC_WARN_UNUSED_FUNCTION = YES;
				GCC_WARN_UNUSED_VARIABLE = YES;
				IPHONEOS_DEPLOYMENT_TARGET = 14.3;
				MTL_ENABLE_DEBUG_INFO = NO;
				MTL_FAST_MATH = YES;
				SDKROOT = iphoneos;
				SWIFT_COMPILATION_MODE = wholemodule;
				SWIFT_OPTIMIZATION_LEVEL = "-O";
				VALIDATE_PRODUCT = YES;
			};
			name = Release;
		};
		68BB3A30259241390017D37F /* Debug */ = {
			isa = XCBuildConfiguration;
			buildSettings = {
				ASSETCATALOG_COMPILER_APPICON_NAME = AppIcon;
				ASSETCATALOG_COMPILER_GLOBAL_ACCENT_COLOR_NAME = AccentColor;
				CODE_SIGN_STYLE = Automatic;
				DEVELOPMENT_TEAM = C75PGN37V8;
				INFOPLIST_FILE = "Drag down to dismiss/Info.plist";
				LD_RUNPATH_SEARCH_PATHS = (
					"$(inherited)",
					"@executable_path/Frameworks",
				);
				PRODUCT_BUNDLE_IDENTIFIER = "Testing.Drag-down-to-dismiss";
				PRODUCT_NAME = "$(TARGET_NAME)";
				SWIFT_VERSION = 5.0;
				TARGETED_DEVICE_FAMILY = "1,2";
			};
			name = Debug;
		};
		68BB3A31259241390017D37F /* Release */ = {
			isa = XCBuildConfiguration;
			buildSettings = {
				ASSETCATALOG_COMPILER_APPICON_NAME = AppIcon;
				ASSETCATALOG_COMPILER_GLOBAL_ACCENT_COLOR_NAME = AccentColor;
				CODE_SIGN_STYLE = Automatic;
				DEVELOPMENT_TEAM = C75PGN37V8;
				INFOPLIST_FILE = "Drag down to dismiss/Info.plist";
				LD_RUNPATH_SEARCH_PATHS = (
					"$(inherited)",
					"@executable_path/Frameworks",
				);
				PRODUCT_BUNDLE_IDENTIFIER = "Testing.Drag-down-to-dismiss";
				PRODUCT_NAME = "$(TARGET_NAME)";
				SWIFT_VERSION = 5.0;
				TARGETED_DEVICE_FAMILY = "1,2";
			};
			name = Release;
		};
/* End XCBuildConfiguration section */

/* Begin XCConfigurationList section */
		68BB3A16259241370017D37F /* Build configuration list for PBXProject "Drag down to dismiss" */ = {
			isa = XCConfigurationList;
			buildConfigurations = (
				68BB3A2D259241390017D37F /* Debug */,
				68BB3A2E259241390017D37F /* Release */,
			);
			defaultConfigurationIsVisible = 0;
			defaultConfigurationName = Release;
		};
		68BB3A2F259241390017D37F /* Build configuration list for PBXNativeTarget "Drag down to dismiss" */ = {
			isa = XCConfigurationList;
			buildConfigurations = (
				68BB3A30259241390017D37F /* Debug */,
				68BB3A31259241390017D37F /* Release */,
			);
			defaultConfigurationIsVisible = 0;
			defaultConfigurationName = Release;
		};
/* End XCConfigurationList section */
	};
	rootObject = 68BB3A13259241370017D37F /* Project object */;
}
